
Microsoft Visual Studio Solution File, Format Version 12.00
# Visual Studio Version 16
VisualStudioVersion = 16.0.29209.62
MinimumVisualStudioVersion = 10.0.40219.1
Project("{FAE04EC0-301F-11D3-BF4B-00C04F79EFBC}") = "WindowsFormsApp9", "WindowsFormsApp9\WindowsFormsApp9.csproj", "{99A6F375-76E6-4DAA-A519-0F5287813FF5}"
EndProject
Global
	GlobalSection(SolutionConfigurationPlatforms) = preSolution
		Debug|Any CPU = Debug|Any CPU
		Release|Any CPU = Release|Any CPU
	EndGlobalSection
	GlobalSection(ProjectConfigurationPlatforms) = postSolution
		{99A6F375-76E6-4DAA-A519-0F5287813FF5}.Debug|Any CPU.ActiveCfg = Debug|Any CPU
		{99A6F375-76E6-4DAA-A519-0F5287813FF5}.Debug|Any CPU.Build.0 = Debug|Any CPU
		{99A6F375-76E6-4DAA-A519-0F5287813FF5}.Release|Any CPU.ActiveCfg = Release|Any CPU
		{99A6F375-76E6-4DAA-A519-0F5287813FF5}.Release|Any CPU.Build.0 = Release|Any CPU
	EndGlobalSection
	GlobalSection(SolutionProperties) = preSolution
		HideSolutionNode = FALSE
	EndGlobalSection
	GlobalSection(ExtensibilityGlobals) = postSolution
		SolutionGuid = {6D1F58C9-2D27-49CE-BDCD-A03C33301D67}
	EndGlobalSection
EndGlobal
